version = 1
revision = 3
requires-python = ">=3.13"

[[package]]
name = "defusedxml"
version = "0.7.1"
source = { registry = "https://pypi.org/simple" }
sdist = { url = "https://files.pythonhosted.org/packages/0f/d5/c66da9b79e5bdb124974bfe172b4daf3c984ebd9c2a06e2b8a4dc7331c72/defusedxml-0.7.1.tar.gz", hash = "sha256:1bb3032db185915b62d7c6209c5a8792be6a32ab2fedacc84e01b52c51aa3e69", size = 75520, upload-time = "2021-03-08T10:59:26.269Z" }
wheels = [
    { url = "https://files.pythonhosted.org/packages/07/6c/aa3f2f849e01cb6a001cd8554a88d4c77c5c1a31c95bdf1cf9301e6d9ef4/defusedxml-0.7.1-py2.py3-none-any.whl", hash = "sha256:a352e7e428770286cc899e2542b6cdaedb2b4953ff269a210103ec58f6198a61", size = 25604, upload-time = "2021-03-08T10:59:24.45Z" },
]

[[package]]
name = "fonttools"
version = "4.59.1"
source = { registry = "https://pypi.org/simple" }
sdist = { url = "https://files.pythonhosted.org/packages/11/7f/29c9c3fe4246f6ad96fee52b88d0dc3a863c7563b0afc959e36d78b965dc/fonttools-4.59.1.tar.gz", hash = "sha256:74995b402ad09822a4c8002438e54940d9f1ecda898d2bb057729d7da983e4cb", size = 3534394, upload-time = "2025-08-14T16:28:14.266Z" }
wheels = [
    { url = "https://files.pythonhosted.org/packages/19/5e/94a4d7f36c36e82f6a81e0064d148542e0ad3e6cf51fc5461ca128f3658d/fonttools-4.59.1-cp313-cp313-macosx_10_13_universal2.whl", hash = "sha256:89d9957b54246c6251345297dddf77a84d2c19df96af30d2de24093bbdf0528b", size = 2760192, upload-time = "2025-08-14T16:27:03.024Z" },
    { url = "https://files.pythonhosted.org/packages/ee/a5/f50712fc33ef9d06953c660cefaf8c8fe4b8bc74fa21f44ee5e4f9739439/fonttools-4.59.1-cp313-cp313-macosx_10_13_x86_64.whl", hash = "sha256:8156b11c0d5405810d216f53907bd0f8b982aa5f1e7e3127ab3be1a4062154ff", size = 2332694, upload-time = "2025-08-14T16:27:04.883Z" },
    { url = "https://files.pythonhosted.org/packages/e9/a2/5a9fc21c354bf8613215ce233ab0d933bd17d5ff4c29693636551adbc7b3/fonttools-4.59.1-cp313-cp313-manylinux1_x86_64.manylinux2014_x86_64.manylinux_2_17_x86_64.manylinux_2_5_x86_64.whl", hash = "sha256:8387876a8011caec52d327d5e5bca705d9399ec4b17afb8b431ec50d47c17d23", size = 4889254, upload-time = "2025-08-14T16:27:07.02Z" },
    { url = "https://files.pythonhosted.org/packages/2d/e5/54a6dc811eba018d022ca2e8bd6f2969291f9586ccf9a22a05fc55f91250/fonttools-4.59.1-cp313-cp313-manylinux2014_aarch64.manylinux_2_17_aarch64.manylinux_2_28_aarch64.whl", hash = "sha256:fb13823a74b3a9204a8ed76d3d6d5ec12e64cc5bc44914eb9ff1cdac04facd43", size = 4949109, upload-time = "2025-08-14T16:27:09.3Z" },
    { url = "https://files.pythonhosted.org/packages/db/15/b05c72a248a95bea0fd05fbd95acdf0742945942143fcf961343b7a3663a/fonttools-4.59.1-cp313-cp313-musllinux_1_2_aarch64.whl", hash = "sha256:e1ca10da138c300f768bb68e40e5b20b6ecfbd95f91aac4cc15010b6b9d65455", size = 4888428, upload-time = "2025-08-14T16:27:11.514Z" },
    { url = "https://files.pythonhosted.org/packages/63/71/c7d6840f858d695adc0c4371ec45e3fb1c8e060b276ba944e2800495aca4/fonttools-4.59.1-cp313-cp313-musllinux_1_2_x86_64.whl", hash = "sha256:2beb5bfc4887a3130f8625349605a3a45fe345655ce6031d1bac11017454b943", size = 5032668, upload-time = "2025-08-14T16:27:13.872Z" },
    { url = "https://files.pythonhosted.org/packages/90/54/57be4aca6f1312e2bc4d811200dd822325794e05bdb26eeff0976edca651/fonttools-4.59.1-cp313-cp313-win32.whl", hash = "sha256:419f16d750d78e6d704bfe97b48bba2f73b15c9418f817d0cb8a9ca87a5b94bf", size = 2201832, upload-time = "2025-08-14T16:27:16.126Z" },
    { url = "https://files.pythonhosted.org/packages/fc/1f/1899a6175a5f900ed8730a0d64f53ca1b596ed7609bfda033cf659114258/fonttools-4.59.1-cp313-cp313-win_amd64.whl", hash = "sha256:c536f8a852e8d3fa71dde1ec03892aee50be59f7154b533f0bf3c1174cfd5126", size = 2250673, upload-time = "2025-08-14T16:27:18.033Z" },
    { url = "https://files.pythonhosted.org/packages/15/07/f6ba82c22f118d9985c37fea65d8d715ca71300d78b6c6e90874dc59f11d/fonttools-4.59.1-cp314-cp314-macosx_10_13_universal2.whl", hash = "sha256:d5c3bfdc9663f3d4b565f9cb3b8c1efb3e178186435b45105bde7328cfddd7fe", size = 2758606, upload-time = "2025-08-14T16:27:20.064Z" },
    { url = "https://files.pythonhosted.org/packages/3a/81/84aa3d0ce27b0112c28b67b637ff7a47cf401cf5fbfee6476e4bc9777580/fonttools-4.59.1-cp314-cp314-macosx_10_13_x86_64.whl", hash = "sha256:ea03f1da0d722fe3c2278a05957e6550175571a4894fbf9d178ceef4a3783d2b", size = 2330187, upload-time = "2025-08-14T16:27:22.42Z" },
    { url = "https://files.pythonhosted.org/packages/17/41/b3ba43f78afb321e2e50232c87304c8d0f5ab39b64389b8286cc39cdb824/fonttools-4.59.1-cp314-cp314-manylinux1_x86_64.manylinux2014_x86_64.manylinux_2_17_x86_64.manylinux_2_5_x86_64.whl", hash = "sha256:57a3708ca6bfccb790f585fa6d8f29432ec329618a09ff94c16bcb3c55994643", size = 4832020, upload-time = "2025-08-14T16:27:24.214Z" },
    { url = "https://files.pythonhosted.org/packages/67/b1/3af871c7fb325a68938e7ce544ca48bfd2c6bb7b357f3c8252933b29100a/fonttools-4.59.1-cp314-cp314-manylinux2014_aarch64.manylinux_2_17_aarch64.manylinux_2_28_aarch64.whl", hash = "sha256:729367c91eb1ee84e61a733acc485065a00590618ca31c438e7dd4d600c01486", size = 4930687, upload-time = "2025-08-14T16:27:26.484Z" },
    { url = "https://files.pythonhosted.org/packages/c5/4f/299fc44646b30d9ef03ffaa78b109c7bd32121f0d8f10009ee73ac4514bc/fonttools-4.59.1-cp314-cp314-musllinux_1_2_aarch64.whl", hash = "sha256:8f8ef66ac6db450193ed150e10b3b45dde7aded10c5d279968bc63368027f62b", size = 4875794, upload-time = "2025-08-14T16:27:28.887Z" },
    { url = "https://files.pythonhosted.org/packages/90/cf/a0a3d763ab58f5f81ceff104ddb662fd9da94248694862b9c6cbd509fdd5/fonttools-4.59.1-cp314-cp314-musllinux_1_2_x86_64.whl", hash = "sha256:075f745d539a998cd92cb84c339a82e53e49114ec62aaea8307c80d3ad3aef3a", size = 4985780, upload-time = "2025-08-14T16:27:30.858Z" },
    { url = "https://files.pythonhosted.org/packages/72/c5/ba76511aaae143d89c29cd32ce30bafb61c477e8759a1590b8483f8065f8/fonttools-4.59.1-cp314-cp314-win32.whl", hash = "sha256:c2b0597522d4c5bb18aa5cf258746a2d4a90f25878cbe865e4d35526abd1b9fc", size = 2205610, upload-time = "2025-08-14T16:27:32.578Z" },
    { url = "https://files.pythonhosted.org/packages/a9/65/b250e69d6caf35bc65cddbf608be0662d741c248f2e7503ab01081fc267e/fonttools-4.59.1-cp314-cp314-win_amd64.whl", hash = "sha256:e9ad4ce044e3236f0814c906ccce8647046cc557539661e35211faadf76f283b", size = 2255376, upload-time = "2025-08-14T16:27:34.653Z" },
    { url = "https://files.pythonhosted.org/packages/11/f3/0bc63a23ac0f8175e23d82f85d6ee693fbd849de7ad739f0a3622182ad29/fonttools-4.59.1-cp314-cp314t-macosx_10_13_universal2.whl", hash = "sha256:652159e8214eb4856e8387ebcd6b6bd336ee258cbeb639c8be52005b122b9609", size = 2826546, upload-time = "2025-08-14T16:27:36.783Z" },
    { url = "https://files.pythonhosted.org/packages/e9/46/a3968205590e068fdf60e926be329a207782576cb584d3b7dcd2d2844957/fonttools-4.59.1-cp314-cp314t-macosx_10_13_x86_64.whl", hash = "sha256:43d177cd0e847ea026fedd9f099dc917da136ed8792d142298a252836390c478", size = 2359771, upload-time = "2025-08-14T16:27:39.678Z" },
    { url = "https://files.pythonhosted.org/packages/b8/ff/d14b4c283879e8cb57862d9624a34fe6522b6fcdd46ccbfc58900958794a/fonttools-4.59.1-cp314-cp314t-manylinux1_x86_64.manylinux2014_x86_64.manylinux_2_17_x86_64.manylinux_2_5_x86_64.whl", hash = "sha256:e54437651e1440ee53a95e6ceb6ee440b67a3d348c76f45f4f48de1a5ecab019", size = 4831575, upload-time = "2025-08-14T16:27:41.885Z" },
    { url = "https://files.pythonhosted.org/packages/9c/04/a277d9a584a49d98ca12d3b2c6663bdf333ae97aaa83bd0cdabf7c5a6c84/fonttools-4.59.1-cp314-cp314t-manylinux2014_aarch64.manylinux_2_17_aarch64.manylinux_2_28_aarch64.whl", hash = "sha256:6065fdec8ff44c32a483fd44abe5bcdb40dd5e2571a5034b555348f2b3a52cea", size = 5069962, upload-time = "2025-08-14T16:27:44.284Z" },
    { url = "https://files.pythonhosted.org/packages/16/6f/3d2ae69d96c4cdee6dfe7598ca5519a1514487700ca3d7c49c5a1ad65308/fonttools-4.59.1-cp314-cp314t-musllinux_1_2_aarch64.whl", hash = "sha256:42052b56d176f8b315fbc09259439c013c0cb2109df72447148aeda677599612", size = 4942926, upload-time = "2025-08-14T16:27:46.523Z" },
    { url = "https://files.pythonhosted.org/packages/0c/d3/c17379e0048d03ce26b38e4ab0e9a98280395b00529e093fe2d663ac0658/fonttools-4.59.1-cp314-cp314t-musllinux_1_2_x86_64.whl", hash = "sha256:bcd52eaa5c4c593ae9f447c1d13e7e4a00ca21d755645efa660b6999425b3c88", size = 4958678, upload-time = "2025-08-14T16:27:48.555Z" },
    { url = "https://files.pythonhosted.org/packages/8c/3f/c5543a1540abdfb4d375e3ebeb84de365ab9b153ec14cb7db05f537dd1e7/fonttools-4.59.1-cp314-cp314t-win32.whl", hash = "sha256:02e4fdf27c550dded10fe038a5981c29f81cb9bc649ff2eaa48e80dab8998f97", size = 2266706, upload-time = "2025-08-14T16:27:50.556Z" },
    { url = "https://files.pythonhosted.org/packages/3e/99/85bff6e674226bc8402f983e365f07e76d990e7220ba72bcc738fef52391/fonttools-4.59.1-cp314-cp314t-win_amd64.whl", hash = "sha256:412a5fd6345872a7c249dac5bcce380393f40c1c316ac07f447bc17d51900922", size = 2329994, upload-time = "2025-08-14T16:27:52.36Z" },
    { url = "https://files.pythonhosted.org/packages/0f/64/9d606e66d498917cd7a2ff24f558010d42d6fd4576d9dd57f0bd98333f5a/fonttools-4.59.1-py3-none-any.whl", hash = "sha256:647db657073672a8330608970a984d51573557f328030566521bc03415535042", size = 1130094, upload-time = "2025-08-14T16:28:12.048Z" },
]

[[package]]
name = "fpdf-example"
version = "0.1.0"
source = { virtual = "." }
dependencies = [
    { name = "fpdf2" },
]

[package.metadata]
requires-dist = [{ name = "fpdf2", specifier = ">=2.8.4" }]

[[package]]
name = "fpdf2"
version = "2.8.4"
source = { registry = "https://pypi.org/simple" }
dependencies = [
    { name = "defusedxml" },
    { name = "fonttools" },
    { name = "pillow" },
]
sdist = { url = "https://files.pythonhosted.org/packages/87/ff/4a1dd414e5c5df5a11904118afdb544f3a446c9c512cc77e9741cf74fb30/fpdf2-2.8.4.tar.gz", hash = "sha256:12b1f1dd35d0c2f35284bcfe10b153d6ca4baf29377379843e73d3f971eab6b7", size = 284963, upload-time = "2025-08-11T10:47:21.193Z" }
wheels = [
    { url = "https://files.pythonhosted.org/packages/bf/e3/b1f6a8e864394d26ee25e90405670ba4d2cc89a7ca27b4f1d8bfe4001e45/fpdf2-2.8.4-py2.py3-none-any.whl", hash = "sha256:bce1afc437107906dcdb0b95c300c7501002fe412c2ed36fa33c8f0a2f87ef3e", size = 251700, upload-time = "2025-08-11T10:47:19.484Z" },
]

[[package]]
name = "pillow"
version = "11.3.0"
source = { registry = "https://pypi.org/simple" }
sdist = { url = "https://files.pythonhosted.org/packages/f3/0d/d0d6dea55cd152ce3d6767bb38a8fc10e33796ba4ba210cbab9354b6d238/pillow-11.3.0.tar.gz", hash = "sha256:3828ee7586cd0b2091b6209e5ad53e20d0649bbe87164a459d0676e035e8f523", size = 47113069, upload-time = "2025-07-01T09:16:30.666Z" }
wheels = [
    { url = "https://files.pythonhosted.org/packages/1e/93/0952f2ed8db3a5a4c7a11f91965d6184ebc8cd7cbb7941a260d5f018cd2d/pillow-11.3.0-cp313-cp313-ios_13_0_arm64_iphoneos.whl", hash = "sha256:1c627742b539bba4309df89171356fcb3cc5a9178355b2727d1b74a6cf155fbd", size = 2128328, upload-time = "2025-07-01T09:14:35.276Z" },
    { url = "https://files.pythonhosted.org/packages/4b/e8/100c3d114b1a0bf4042f27e0f87d2f25e857e838034e98ca98fe7b8c0a9c/pillow-11.3.0-cp313-cp313-ios_13_0_arm64_iphonesimulator.whl", hash = "sha256:30b7c02f3899d10f13d7a48163c8969e4e653f8b43416d23d13d1bbfdc93b9f8", size = 2170652, upload-time = "2025-07-01T09:14:37.203Z" },
    { url = "https://files.pythonhosted.org/packages/aa/86/3f758a28a6e381758545f7cdb4942e1cb79abd271bea932998fc0db93cb6/pillow-11.3.0-cp313-cp313-ios_13_0_x86_64_iphonesimulator.whl", hash = "sha256:7859a4cc7c9295f5838015d8cc0a9c215b77e43d07a25e460f35cf516df8626f", size = 2227443, upload-time = "2025-07-01T09:14:39.344Z" },
    { url = "https://files.pythonhosted.org/packages/01/f4/91d5b3ffa718df2f53b0dc109877993e511f4fd055d7e9508682e8aba092/pillow-11.3.0-cp313-cp313-macosx_10_13_x86_64.whl", hash = "sha256:ec1ee50470b0d050984394423d96325b744d55c701a439d2bd66089bff963d3c", size = 5278474, upload-time = "2025-07-01T09:14:41.843Z" },
    { url = "https://files.pythonhosted.org/packages/f9/0e/37d7d3eca6c879fbd9dba21268427dffda1ab00d4eb05b32923d4fbe3b12/pillow-11.3.0-cp313-cp313-macosx_11_0_arm64.whl", hash = "sha256:7db51d222548ccfd274e4572fdbf3e810a5e66b00608862f947b163e613b67dd", size = 4686038, upload-time = "2025-07-01T09:14:44.008Z" },
    { url = "https://files.pythonhosted.org/packages/ff/b0/3426e5c7f6565e752d81221af9d3676fdbb4f352317ceafd42899aaf5d8a/pillow-11.3.0-cp313-cp313-manylinux2014_aarch64.manylinux_2_17_aarch64.whl", hash = "sha256:2d6fcc902a24ac74495df63faad1884282239265c6839a0a6416d33faedfae7e", size = 5864407, upload-time = "2025-07-03T13:10:15.628Z" },
    { url = "https://files.pythonhosted.org/packages/fc/c1/c6c423134229f2a221ee53f838d4be9d82bab86f7e2f8e75e47b6bf6cd77/pillow-11.3.0-cp313-cp313-manylinux2014_x86_64.manylinux_2_17_x86_64.whl", hash = "sha256:f0f5d8f4a08090c6d6d578351a2b91acf519a54986c055af27e7a93feae6d3f1", size = 7639094, upload-time = "2025-07-03T13:10:21.857Z" },
    { url = "https://files.pythonhosted.org/packages/ba/c9/09e6746630fe6372c67c648ff9deae52a2bc20897d51fa293571977ceb5d/pillow-11.3.0-cp313-cp313-manylinux_2_27_aarch64.manylinux_2_28_aarch64.whl", hash = "sha256:c37d8ba9411d6003bba9e518db0db0c58a680ab9fe5179f040b0463644bc9805", size = 5973503, upload-time = "2025-07-01T09:14:45.698Z" },
    { url = "https://files.pythonhosted.org/packages/d5/1c/a2a29649c0b1983d3ef57ee87a66487fdeb45132df66ab30dd37f7dbe162/pillow-11.3.0-cp313-cp313-manylinux_2_27_x86_64.manylinux_2_28_x86_64.whl", hash = "sha256:13f87d581e71d9189ab21fe0efb5a23e9f28552d5be6979e84001d3b8505abe8", size = 6642574, upload-time = "2025-07-01T09:14:47.415Z" },
    { url = "https://files.pythonhosted.org/packages/36/de/d5cc31cc4b055b6c6fd990e3e7f0f8aaf36229a2698501bcb0cdf67c7146/pillow-11.3.0-cp313-cp313-musllinux_1_2_aarch64.whl", hash = "sha256:023f6d2d11784a465f09fd09a34b150ea4672e85fb3d05931d89f373ab14abb2", size = 6084060, upload-time = "2025-07-01T09:14:49.636Z" },
    { url = "https://files.pythonhosted.org/packages/d5/ea/502d938cbaeec836ac28a9b730193716f0114c41325db428e6b280513f09/pillow-11.3.0-cp313-cp313-musllinux_1_2_x86_64.whl", hash = "sha256:45dfc51ac5975b938e9809451c51734124e73b04d0f0ac621649821a63852e7b", size = 6721407, upload-time = "2025-07-01T09:14:51.962Z" },
    { url = "https://files.pythonhosted.org/packages/45/9c/9c5e2a73f125f6cbc59cc7087c8f2d649a7ae453f83bd0362ff7c9e2aee2/pillow-11.3.0-cp313-cp313-win32.whl", hash = "sha256:a4d336baed65d50d37b88ca5b60c0fa9d81e3a87d4a7930d3880d1624d5b31f3", size = 6273841, upload-time = "2025-07-01T09:14:54.142Z" },
    { url = "https://files.pythonhosted.org/packages/23/85/397c73524e0cd212067e0c969aa245b01d50183439550d24d9f55781b776/pillow-11.3.0-cp313-cp313-win_amd64.whl", hash = "sha256:0bce5c4fd0921f99d2e858dc4d4d64193407e1b99478bc5cacecba2311abde51", size = 6978450, upload-time = "2025-07-01T09:14:56.436Z" },
    { url = "https://files.pythonhosted.org/packages/17/d2/622f4547f69cd173955194b78e4d19ca4935a1b0f03a302d655c9f6aae65/pillow-11.3.0-cp313-cp313-win_arm64.whl", hash = "sha256:1904e1264881f682f02b7f8167935cce37bc97db457f8e7849dc3a6a52b99580", size = 2423055, upload-time = "2025-07-01T09:14:58.072Z" },
    { url = "https://files.pythonhosted.org/packages/dd/80/a8a2ac21dda2e82480852978416cfacd439a4b490a501a288ecf4fe2532d/pillow-11.3.0-cp313-cp313t-macosx_10_13_x86_64.whl", hash = "sha256:4c834a3921375c48ee6b9624061076bc0a32a60b5532b322cc0ea64e639dd50e", size = 5281110, upload-time = "2025-07-01T09:14:59.79Z" },
    { url = "https://files.pythonhosted.org/packages/44/d6/b79754ca790f315918732e18f82a8146d33bcd7f4494380457ea89eb883d/pillow-11.3.0-cp313-cp313t-macosx_11_0_arm64.whl", hash = "sha256:5e05688ccef30ea69b9317a9ead994b93975104a677a36a8ed8106be9260aa6d", size = 4689547, upload-time = "2025-07-01T09:15:01.648Z" },
    { url = "https://files.pythonhosted.org/packages/49/20/716b8717d331150cb00f7fdd78169c01e8e0c219732a78b0e59b6bdb2fd6/pillow-11.3.0-cp313-cp313t-manylinux2014_aarch64.manylinux_2_17_aarch64.whl", hash = "sha256:1019b04af07fc0163e2810167918cb5add8d74674b6267616021ab558dc98ced", size = 5901554, upload-time = "2025-07-03T13:10:27.018Z" },
    { url = "https://files.pythonhosted.org/packages/74/cf/a9f3a2514a65bb071075063a96f0a5cf949c2f2fce683c15ccc83b1c1cab/pillow-11.3.0-cp313-cp313t-manylinux2014_x86_64.manylinux_2_17_x86_64.whl", hash = "sha256:f944255db153ebb2b19c51fe85dd99ef0ce494123f21b9db4877ffdfc5590c7c", size = 7669132, upload-time = "2025-07-03T13:10:33.01Z" },
    { url = "https://files.pythonhosted.org/packages/98/3c/da78805cbdbee9cb43efe8261dd7cc0b4b93f2ac79b676c03159e9db2187/pillow-11.3.0-cp313-cp313t-manylinux_2_27_aarch64.manylinux_2_28_aarch64.whl", hash = "sha256:1f85acb69adf2aaee8b7da124efebbdb959a104db34d3a2cb0f3793dbae422a8", size = 6005001, upload-time = "2025-07-01T09:15:03.365Z" },
    { url = "https://files.pythonhosted.org/packages/6c/fa/ce044b91faecf30e635321351bba32bab5a7e034c60187fe9698191aef4f/pillow-11.3.0-cp313-cp313t-manylinux_2_27_x86_64.manylinux_2_28_x86_64.whl", hash = "sha256:05f6ecbeff5005399bb48d198f098a9b4b6bdf27b8487c7f38ca16eeb070cd59", size = 6668814, upload-time = "2025-07-01T09:15:05.655Z" },
    { url = "https://files.pythonhosted.org/packages/7b/51/90f9291406d09bf93686434f9183aba27b831c10c87746ff49f127ee80cb/pillow-11.3.0-cp313-cp313t-musllinux_1_2_aarch64.whl", hash = "sha256:a7bc6e6fd0395bc052f16b1a8670859964dbd7003bd0af2ff08342eb6e442cfe", size = 6113124, upload-time = "2025-07-01T09:15:07.358Z" },
    { url = "https://files.pythonhosted.org/packages/cd/5a/6fec59b1dfb619234f7636d4157d11fb4e196caeee220232a8d2ec48488d/pillow-11.3.0-cp313-cp313t-musllinux_1_2_x86_64.whl", hash = "sha256:83e1b0161c9d148125083a35c1c5a89db5b7054834fd4387499e06552035236c", size = 6747186, upload-time = "2025-07-01T09:15:09.317Z" },
    { url = "https://files.pythonhosted.org/packages/49/6b/00187a044f98255225f172de653941e61da37104a9ea60e4f6887717e2b5/pillow-11.3.0-cp313-cp313t-win32.whl", hash = "sha256:2a3117c06b8fb646639dce83694f2f9eac405472713fcb1ae887469c0d4f6788", size = 6277546, upload-time = "2025-07-01T09:15:11.311Z" },
    { url = "https://files.pythonhosted.org/packages/e8/5c/6caaba7e261c0d75bab23be79f1d06b5ad2a2ae49f028ccec801b0e853d6/pillow-11.3.0-cp313-cp313t-win_amd64.whl", hash = "sha256:857844335c95bea93fb39e0fa2726b4d9d758850b34075a7e3ff4f4fa3aa3b31", size = 6985102, upload-time = "2025-07-01T09:15:13.164Z" },
    { url = "https://files.pythonhosted.org/packages/f3/7e/b623008460c09a0cb38263c93b828c666493caee2eb34ff67f778b87e58c/pillow-11.3.0-cp313-cp313t-win_arm64.whl", hash = "sha256:8797edc41f3e8536ae4b10897ee2f637235c94f27404cac7297f7b607dd0716e", size = 2424803, upload-time = "2025-07-01T09:15:15.695Z" },
    { url = "https://files.pythonhosted.org/packages/73/f4/04905af42837292ed86cb1b1dabe03dce1edc008ef14c473c5c7e1443c5d/pillow-11.3.0-cp314-cp314-macosx_10_13_x86_64.whl", hash = "sha256:d9da3df5f9ea2a89b81bb6087177fb1f4d1c7146d583a3fe5c672c0d94e55e12", size = 5278520, upload-time = "2025-07-01T09:15:17.429Z" },
    { url = "https://files.pythonhosted.org/packages/41/b0/33d79e377a336247df6348a54e6d2a2b85d644ca202555e3faa0cf811ecc/pillow-11.3.0-cp314-cp314-macosx_11_0_arm64.whl", hash = "sha256:0b275ff9b04df7b640c59ec5a3cb113eefd3795a8df80bac69646ef699c6981a", size = 4686116, upload-time = "2025-07-01T09:15:19.423Z" },
    { url = "https://files.pythonhosted.org/packages/49/2d/ed8bc0ab219ae8768f529597d9509d184fe8a6c4741a6864fea334d25f3f/pillow-11.3.0-cp314-cp314-manylinux2014_aarch64.manylinux_2_17_aarch64.whl", hash = "sha256:0743841cabd3dba6a83f38a92672cccbd69af56e3e91777b0ee7f4dba4385632", size = 5864597, upload-time = "2025-07-03T13:10:38.404Z" },
    { url = "https://files.pythonhosted.org/packages/b5/3d/b932bb4225c80b58dfadaca9d42d08d0b7064d2d1791b6a237f87f661834/pillow-11.3.0-cp314-cp314-manylinux2014_x86_64.manylinux_2_17_x86_64.whl", hash = "sha256:2465a69cf967b8b49ee1b96d76718cd98c4e925414ead59fdf75cf0fd07df673", size = 7638246, upload-time = "2025-07-03T13:10:44.987Z" },
    { url = "https://files.pythonhosted.org/packages/09/b5/0487044b7c096f1b48f0d7ad416472c02e0e4bf6919541b111efd3cae690/pillow-11.3.0-cp314-cp314-manylinux_2_27_aarch64.manylinux_2_28_aarch64.whl", hash = "sha256:41742638139424703b4d01665b807c6468e23e699e8e90cffefe291c5832b027", size = 5973336, upload-time = "2025-07-01T09:15:21.237Z" },
    { url = "https://files.pythonhosted.org/packages/a8/2d/524f9318f6cbfcc79fbc004801ea6b607ec3f843977652fdee4857a7568b/pillow-11.3.0-cp314-cp314-manylinux_2_27_x86_64.manylinux_2_28_x86_64.whl", hash = "sha256:93efb0b4de7e340d99057415c749175e24c8864302369e05914682ba642e5d77", size = 6642699, upload-time = "2025-07-01T09:15:23.186Z" },
    { url = "https://files.pythonhosted.org/packages/6f/d2/a9a4f280c6aefedce1e8f615baaa5474e0701d86dd6f1dede66726462bbd/pillow-11.3.0-cp314-cp314-musllinux_1_2_aarch64.whl", hash = "sha256:7966e38dcd0fa11ca390aed7c6f20454443581d758242023cf36fcb319b1a874", size = 6083789, upload-time = "2025-07-01T09:15:25.1Z" },
    { url = "https://files.pythonhosted.org/packages/fe/54/86b0cd9dbb683a9d5e960b66c7379e821a19be4ac5810e2e5a715c09a0c0/pillow-11.3.0-cp314-cp314-musllinux_1_2_x86_64.whl", hash = "sha256:98a9afa7b9007c67ed84c57c9e0ad86a6000da96eaa638e4f8abe5b65ff83f0a", size = 6720386, upload-time = "2025-07-01T09:15:27.378Z" },
    { url = "https://files.pythonhosted.org/packages/e7/95/88efcaf384c3588e24259c4203b909cbe3e3c2d887af9e938c2022c9dd48/pillow-11.3.0-cp314-cp314-win32.whl", hash = "sha256:02a723e6bf909e7cea0dac1b0e0310be9d7650cd66222a5f1c571455c0a45214", size = 6370911, upload-time = "2025-07-01T09:15:29.294Z" },
    { url = "https://files.pythonhosted.org/packages/2e/cc/934e5820850ec5eb107e7b1a72dd278140731c669f396110ebc326f2a503/pillow-11.3.0-cp314-cp314-win_amd64.whl", hash = "sha256:a418486160228f64dd9e9efcd132679b7a02a5f22c982c78b6fc7dab3fefb635", size = 7117383, upload-time = "2025-07-01T09:15:31.128Z" },
    { url = "https://files.pythonhosted.org/packages/d6/e9/9c0a616a71da2a5d163aa37405e8aced9a906d574b4a214bede134e731bc/pillow-11.3.0-cp314-cp314-win_arm64.whl", hash = "sha256:155658efb5e044669c08896c0c44231c5e9abcaadbc5cd3648df2f7c0b96b9a6", size = 2511385, upload-time = "2025-07-01T09:15:33.328Z" },
    { url = "https://files.pythonhosted.org/packages/1a/33/c88376898aff369658b225262cd4f2659b13e8178e7534df9e6e1fa289f6/pillow-11.3.0-cp314-cp314t-macosx_10_13_x86_64.whl", hash = "sha256:59a03cdf019efbfeeed910bf79c7c93255c3d54bc45898ac2a4140071b02b4ae", size = 5281129, upload-time = "2025-07-01T09:15:35.194Z" },
    { url = "https://files.pythonhosted.org/packages/1f/70/d376247fb36f1844b42910911c83a02d5544ebd2a8bad9efcc0f707ea774/pillow-11.3.0-cp314-cp314t-macosx_11_0_arm64.whl", hash = "sha256:f8a5827f84d973d8636e9dc5764af4f0cf2318d26744b3d902931701b0d46653", size = 4689580, upload-time = "2025-07-01T09:15:37.114Z" },
    { url = "https://files.pythonhosted.org/packages/eb/1c/537e930496149fbac69efd2fc4329035bbe2e5475b4165439e3be9cb183b/pillow-11.3.0-cp314-cp314t-manylinux2014_aarch64.manylinux_2_17_aarch64.whl", hash = "sha256:ee92f2fd10f4adc4b43d07ec5e779932b4eb3dbfbc34790ada5a6669bc095aa6", size = 5902860, upload-time = "2025-07-03T13:10:50.248Z" },
    { url = "https://files.pythonhosted.org/packages/bd/57/80f53264954dcefeebcf9dae6e3eb1daea1b488f0be8b8fef12f79a3eb10/pillow-11.3.0-cp314-cp314t-manylinux2014_x86_64.manylinux_2_17_x86_64.whl", hash = "sha256:c96d333dcf42d01f47b37e0979b6bd73ec91eae18614864622d9b87bbd5bbf36", size = 7670694, upload-time = "2025-07-03T13:10:56.432Z" },
    { url = "https://files.pythonhosted.org/packages/70/ff/4727d3b71a8578b4587d9c276e90efad2d6fe0335fd76742a6da08132e8c/pillow-11.3.0-cp314-cp314t-manylinux_2_27_aarch64.manylinux_2_28_aarch64.whl", hash = "sha256:4c96f993ab8c98460cd0c001447bff6194403e8b1d7e149ade5f00594918128b", size = 6005888, upload-time = "2025-07-01T09:15:39.436Z" },
    { url = "https://files.pythonhosted.org/packages/05/ae/716592277934f85d3be51d7256f3636672d7b1abfafdc42cf3f8cbd4b4c8/pillow-11.3.0-cp314-cp314t-manylinux_2_27_x86_64.manylinux_2_28_x86_64.whl", hash = "sha256:41342b64afeba938edb034d122b2dda5db2139b9a4af999729ba8818e0056477", size = 6670330, upload-time = "2025-07-01T09:15:41.269Z" },
    { url = "https://files.pythonhosted.org/packages/e7/bb/7fe6cddcc8827b01b1a9766f5fdeb7418680744f9082035bdbabecf1d57f/pillow-11.3.0-cp314-cp314t-musllinux_1_2_aarch64.whl", hash = "sha256:068d9c39a2d1b358eb9f245ce7ab1b5c3246c7c8c7d9ba58cfa5b43146c06e50", size = 6114089, upload-time = "2025-07-01T09:15:43.13Z" },
    { url = "https://files.pythonhosted.org/packages/8b/f5/06bfaa444c8e80f1a8e4bff98da9c83b37b5be3b1deaa43d27a0db37ef84/pillow-11.3.0-cp314-cp314t-musllinux_1_2_x86_64.whl", hash = "sha256:a1bc6ba083b145187f648b667e05a2534ecc4b9f2784c2cbe3089e44868f2b9b", size = 6748206, upload-time = "2025-07-01T09:15:44.937Z" },
    { url = "https://files.pythonhosted.org/packages/f0/77/bc6f92a3e8e6e46c0ca78abfffec0037845800ea38c73483760362804c41/pillow-11.3.0-cp314-cp314t-win32.whl", hash = "sha256:118ca10c0d60b06d006be10a501fd6bbdfef559251ed31b794668ed569c87e12", size = 6377370, upload-time = "2025-07-01T09:15:46.673Z" },
    { url = "https://files.pythonhosted.org/packages/4a/82/3a721f7d69dca802befb8af08b7c79ebcab461007ce1c18bd91a5d5896f9/pillow-11.3.0-cp314-cp314t-win_amd64.whl", hash = "sha256:8924748b688aa210d79883357d102cd64690e56b923a186f35a82cbc10f997db", size = 7121500, upload-time = "2025-07-01T09:15:48.512Z" },
    { url = "https://files.pythonhosted.org/packages/89/c7/5572fa4a3f45740eaab6ae86fcdf7195b55beac1371ac8c619d880cfe948/pillow-11.3.0-cp314-cp314t-win_arm64.whl", hash = "sha256:79ea0d14d3ebad43ec77ad5272e6ff9bba5b679ef73375ea760261207fa8e0aa", size = 2512835, upload-time = "2025-07-01T09:15:50.399Z" },
]
